
Microsoft Visual Studio Solution File, Format Version 12.00
# Visual Studio Version 17
VisualStudioVersion = 17.0.31903.59
MinimumVisualStudioVersion = 10.0.40219.1
Project("{FAE04EC0-301F-11D3-BF4B-00C04F79EFBC}") = "API", "API\API.csproj", "{B0699E00-2EE6-41F8-AFCB-CF62AEE5A036}"
EndProject
Project("{FAE04EC0-301F-11D3-BF4B-00C04F79EFBC}") = "Domain", "Domain\Domain.csproj", "{3E4316D4-23F4-417C-AF35-69E5BF899266}"
EndProject
Project("{FAE04EC0-301F-11D3-BF4B-00C04F79EFBC}") = "Application", "Application\Application.csproj", "{3BF7FCA7-DC8C-41B4-9EB4-1B1A52BABDC0}"
EndProject
Project("{FAE04EC0-301F-11D3-BF4B-00C04F79EFBC}") = "Persistence", "Persistence\Persistence.csproj", "{05094498-FB1F-404B-8E41-1BB4B1D7221D}"
EndProject
Global
	GlobalSection(SolutionConfigurationPlatforms) = preSolution
		Debug|Any CPU = Debug|Any CPU
		Debug|x64 = Debug|x64
		Debug|x86 = Debug|x86
		Release|Any CPU = Release|Any CPU
		Release|x64 = Release|x64
		Release|x86 = Release|x86
	EndGlobalSection
	GlobalSection(ProjectConfigurationPlatforms) = postSolution
		{B0699E00-2EE6-41F8-AFCB-CF62AEE5A036}.Debug|Any CPU.ActiveCfg = Debug|Any CPU
		{B0699E00-2EE6-41F8-AFCB-CF62AEE5A036}.Debug|Any CPU.Build.0 = Debug|Any CPU
		{B0699E00-2EE6-41F8-AFCB-CF62AEE5A036}.Debug|x64.ActiveCfg = Debug|Any CPU
		{B0699E00-2EE6-41F8-AFCB-CF62AEE5A036}.Debug|x64.Build.0 = Debug|Any CPU
		{B0699E00-2EE6-41F8-AFCB-CF62AEE5A036}.Debug|x86.ActiveCfg = Debug|Any CPU
		{B0699E00-2EE6-41F8-AFCB-CF62AEE5A036}.Debug|x86.Build.0 = Debug|Any CPU
		{B0699E00-2EE6-41F8-AFCB-CF62AEE5A036}.Release|Any CPU.ActiveCfg = Release|Any CPU
		{B0699E00-2EE6-41F8-AFCB-CF62AEE5A036}.Release|Any CPU.Build.0 = Release|Any CPU
		{B0699E00-2EE6-41F8-AFCB-CF62AEE5A036}.Release|x64.ActiveCfg = Release|Any CPU
		{B0699E00-2EE6-41F8-AFCB-CF62AEE5A036}.Release|x64.Build.0 = Release|Any CPU
		{B0699E00-2EE6-41F8-AFCB-CF62AEE5A036}.Release|x86.ActiveCfg = Release|Any CPU
		{B0699E00-2EE6-41F8-AFCB-CF62AEE5A036}.Release|x86.Build.0 = Release|Any CPU
		{3E4316D4-23F4-417C-AF35-69E5BF899266}.Debug|Any CPU.ActiveCfg = Debug|Any CPU
		{3E4316D4-23F4-417C-AF35-69E5BF899266}.Debug|Any CPU.Build.0 = Debug|Any CPU
		{3E4316D4-23F4-417C-AF35-69E5BF899266}.Debug|x64.ActiveCfg = Debug|Any CPU
		{3E4316D4-23F4-417C-AF35-69E5BF899266}.Debug|x64.Build.0 = Debug|Any CPU
		{3E4316D4-23F4-417C-AF35-69E5BF899266}.Debug|x86.ActiveCfg = Debug|Any CPU
		{3E4316D4-23F4-417C-AF35-69E5BF899266}.Debug|x86.Build.0 = Debug|Any CPU
		{3E4316D4-23F4-417C-AF35-69E5BF899266}.Release|Any CPU.ActiveCfg = Release|Any CPU
		{3E4316D4-23F4-417C-AF35-69E5BF899266}.Release|Any CPU.Build.0 = Release|Any CPU
		{3E4316D4-23F4-417C-AF35-69E5BF899266}.Release|x64.ActiveCfg = Release|Any CPU
		{3E4316D4-23F4-417C-AF35-69E5BF899266}.Release|x64.Build.0 = Release|Any CPU
		{3E4316D4-23F4-417C-AF35-69E5BF899266}.Release|x86.ActiveCfg = Release|Any CPU
		{3E4316D4-23F4-417C-AF35-69E5BF899266}.Release|x86.Build.0 = Release|Any CPU
		{3BF7FCA7-DC8C-41B4-9EB4-1B1A52BABDC0}.Debug|Any CPU.ActiveCfg = Debug|Any CPU
		{3BF7FCA7-DC8C-41B4-9EB4-1B1A52BABDC0}.Debug|Any CPU.Build.0 = Debug|Any CPU
		{3BF7FCA7-DC8C-41B4-9EB4-1B1A52BABDC0}.Debug|x64.ActiveCfg = Debug|Any CPU
		{3BF7FCA7-DC8C-41B4-9EB4-1B1A52BABDC0}.Debug|x64.Build.0 = Debug|Any CPU
		{3BF7FCA7-DC8C-41B4-9EB4-1B1A52BABDC0}.Debug|x86.ActiveCfg = Debug|Any CPU
		{3BF7FCA7-DC8C-41B4-9EB4-1B1A52BABDC0}.Debug|x86.Build.0 = Debug|Any CPU
		{3BF7FCA7-DC8C-41B4-9EB4-1B1A52BABDC0}.Release|Any CPU.ActiveCfg = Release|Any CPU
		{3BF7FCA7-DC8C-41B4-9EB4-1B1A52BABDC0}.Release|Any CPU.Build.0 = Release|Any CPU
		{3BF7FCA7-DC8C-41B4-9EB4-1B1A52BABDC0}.Release|x64.ActiveCfg = Release|Any CPU
		{3BF7FCA7-DC8C-41B4-9EB4-1B1A52BABDC0}.Release|x64.Build.0 = Release|Any CPU
		{3BF7FCA7-DC8C-41B4-9EB4-1B1A52BABDC0}.Release|x86.ActiveCfg = Release|Any CPU
		{3BF7FCA7-DC8C-41B4-9EB4-1B1A52BABDC0}.Release|x86.Build.0 = Release|Any CPU
		{05094498-FB1F-404B-8E41-1BB4B1D7221D}.Debug|Any CPU.ActiveCfg = Debug|Any CPU
		{05094498-FB1F-404B-8E41-1BB4B1D7221D}.Debug|Any CPU.Build.0 = Debug|Any CPU
		{05094498-FB1F-404B-8E41-1BB4B1D7221D}.Debug|x64.ActiveCfg = Debug|Any CPU
		{05094498-FB1F-404B-8E41-1BB4B1D7221D}.Debug|x64.Build.0 = Debug|Any CPU
		{05094498-FB1F-404B-8E41-1BB4B1D7221D}.Debug|x86.ActiveCfg = Debug|Any CPU
		{05094498-FB1F-404B-8E41-1BB4B1D7221D}.Debug|x86.Build.0 = Debug|Any CPU
		{05094498-FB1F-404B-8E41-1BB4B1D7221D}.Release|Any CPU.ActiveCfg = Release|Any CPU
		{05094498-FB1F-404B-8E41-1BB4B1D7221D}.Release|Any CPU.Build.0 = Release|Any CPU
		{05094498-FB1F-404B-8E41-1BB4B1D7221D}.Release|x64.ActiveCfg = Release|Any CPU
		{05094498-FB1F-404B-8E41-1BB4B1D7221D}.Release|x64.Build.0 = Release|Any CPU
		{05094498-FB1F-404B-8E41-1BB4B1D7221D}.Release|x86.ActiveCfg = Release|Any CPU
		{05094498-FB1F-404B-8E41-1BB4B1D7221D}.Release|x86.Build.0 = Release|Any CPU
	EndGlobalSection
	GlobalSection(SolutionProperties) = preSolution
		HideSolutionNode = FALSE
	EndGlobalSection
EndGlobal
